<?xml version="1.0" encoding="utf-8"?>
<Project ToolsVersion="16.0" xmlns="http://schemas.microsoft.com/developer/msbuild/2003">
  <ItemGroup>
    <ClCompile Include="..\libuv\src\fs-poll.c">
      <Filter>Source Files</Filter>
    </ClCompile>
    <ClCompile Include="..\libuv\src\idna.c">
      <Filter>Source Files</Filter>
    </ClCompile>
    <ClCompile Include="..\libuv\src\inet.c">
      <Filter>Source Files</Filter>
    </ClCompile>
    <ClCompile Include="..\libuv\src\random.c">
      <Filter>Source Files</Filter>
    </ClCompile>
    <ClCompile Include="..\libuv\src\strscpy.c">
      <Filter>Source Files</Filter>
    </ClCompile>
    <ClCompile Include="..\libuv\src\threadpool.c">
      <Filter>Source Files</Filter>
    </ClCompile>
    <ClCompile Include="..\libuv\src\timer.c">
      <Filter>Source Files</Filter>
    </ClCompile>
    <ClCompile Include="..\libuv\src\uv-common.c">
      <Filter>Source Files</Filter>
    </ClCompile>
    <ClCompile Include="..\libuv\src\uv-data-getter-setters.c">
      <Filter>Source Files</Filter>
    </ClCompile>
    <ClCompile Include="..\libuv\src\version.c">
      <Filter>Source Files</Filter>
    </ClCompile>
    <ClCompile Include="..\libuv\src\win\async.c">
      <Filter>Source Files</Filter>
    </ClCompile>
    <ClCompile Include="..\libuv\src\win\core.c">
      <Filter>Source Files</Filter>
    </ClCompile>
    <ClCompile Include="..\libuv\src\win\detect-wakeup.c">
      <Filter>Source Files</Filter>
    </ClCompile>
    <ClCompile Include="..\libuv\src\win\dl.c">
      <Filter>Source Files</Filter>
    </ClCompile>
    <ClCompile Include="..\libuv\src\win\error.c">
      <Filter>Source Files</Filter>
    </ClCompile>
    <ClCompile Include="..\libuv\src\win\fs.c">
      <Filter>Source Files</Filter>
    </ClCompile>
    <ClCompile Include="..\libuv\src\win\fs-event.c">
      <Filter>Source Files</Filter>
    </ClCompile>
    <ClCompile Include="..\libuv\src\win\getaddrinfo.c">
      <Filter>Source Files</Filter>
    </ClCompile>
    <ClCompile Include="..\libuv\src\win\getnameinfo.c">
      <Filter>Source Files</Filter>
    </ClCompile>
    <ClCompile Include="..\libuv\src\win\handle.c">
      <Filter>Source Files</Filter>
    </ClCompile>
    <ClCompile Include="..\libuv\src\win\loop-watcher.c">
      <Filter>Source Files</Filter>
    </ClCompile>
    <ClCompile Include="..\libuv\src\win\pipe.c">
      <Filter>Source Files</Filter>
    </ClCompile>
    <ClCompile Include="..\libuv\src\win\thread.c">
      <Filter>Source Files</Filter>
    </ClCompile>
    <ClCompile Include="..\libuv\src\win\poll.c">
      <Filter>Source Files</Filter>
    </ClCompile>
    <ClCompile Include="..\libuv\src\win\process.c">
      <Filter>Source Files</Filter>
    </ClCompile>
    <ClCompile Include="..\libuv\src\win\process-stdio.c">
      <Filter>Source Files</Filter>
    </ClCompile>
    <ClCompile Include="..\libuv\src\win\signal.c">
      <Filter>Source Files</Filter>
    </ClCompile>
    <ClCompile Include="..\libuv\src\win\snprintf.c">
      <Filter>Source Files</Filter>
    </ClCompile>
    <ClCompile Include="..\libuv\src\win\stream.c">
      <Filter>Source Files</Filter>
    </ClCompile>
    <ClCompile Include="..\libuv\src\win\tcp.c">
      <Filter>Source Files</Filter>
    </ClCompile>
    <ClCompile Include="..\libuv\src\win\tty.c">
      <Filter>Source Files</Filter>
    </ClCompile>
    <ClCompile Include="..\libuv\src\win\udp.c">
      <Filter>Source Files</Filter>
    </ClCompile>
    <ClCompile Include="..\libuv\src\win\util.c">
      <Filter>Source Files</Filter>
    </ClCompile>
    <ClCompile Include="..\libuv\src\win\winapi.c">
      <Filter>Source Files</Filter>
    </ClCompile>
    <ClCompile Include="..\libuv\src\win\winsock.c">
      <Filter>Source Files</Filter>
    </ClCompile>
  </ItemGroup>
  <ItemGroup>
    <Filter Include="Source Files">
      <UniqueIdentifier>{C03DCE2A-E08C-30E0-B759-0F0C118F1FFC}</UniqueIdentifier>
    </Filter>
  </ItemGroup>
</Project>