<?xml version="1.0" encoding="utf-8"?>
<Project ToolsVersion="16.0" xmlns="http://schemas.microsoft.com/developer/msbuild/2003">
  <ItemGroup>
    <ClCompile Include="..\libuv\test\blackhole-server.c">
      <Filter>Source Files</Filter>
    </ClCompile>
    <ClCompile Include="..\libuv\test\echo-server.c">
      <Filter>Source Files</Filter>
    </ClCompile>
    <ClCompile Include="..\libuv\test\run-tests.c">
      <Filter>Source Files</Filter>
    </ClCompile>
    <ClCompile Include="..\libuv\test\runner.c">
      <Filter>Source Files</Filter>
    </ClCompile>
    <ClCompile Include="..\libuv\test\test-active.c">
      <Filter>Source Files</Filter>
    </ClCompile>
    <ClCompile Include="..\libuv\test\test-async-null-cb.c">
      <Filter>Source Files</Filter>
    </ClCompile>
    <ClCompile Include="..\libuv\test\test-async.c">
      <Filter>Source Files</Filter>
    </ClCompile>
    <ClCompile Include="..\libuv\test\test-barrier.c">
      <Filter>Source Files</Filter>
    </ClCompile>
    <ClCompile Include="..\libuv\test\test-callback-order.c">
      <Filter>Source Files</Filter>
    </ClCompile>
    <ClCompile Include="..\libuv\test\test-callback-stack.c">
      <Filter>Source Files</Filter>
    </ClCompile>
    <ClCompile Include="..\libuv\test\test-close-fd.c">
      <Filter>Source Files</Filter>
    </ClCompile>
    <ClCompile Include="..\libuv\test\test-close-order.c">
      <Filter>Source Files</Filter>
    </ClCompile>
    <ClCompile Include="..\libuv\test\test-condvar.c">
      <Filter>Source Files</Filter>
    </ClCompile>
    <ClCompile Include="..\libuv\test\test-connect-unspecified.c">
      <Filter>Source Files</Filter>
    </ClCompile>
    <ClCompile Include="..\libuv\test\test-connection-fail.c">
      <Filter>Source Files</Filter>
    </ClCompile>
    <ClCompile Include="..\libuv\test\test-cwd-and-chdir.c">
      <Filter>Source Files</Filter>
    </ClCompile>
    <ClCompile Include="..\libuv\test\test-default-loop-close.c">
      <Filter>Source Files</Filter>
    </ClCompile>
    <ClCompile Include="..\libuv\test\test-delayed-accept.c">
      <Filter>Source Files</Filter>
    </ClCompile>
    <ClCompile Include="..\libuv\test\test-dlerror.c">
      <Filter>Source Files</Filter>
    </ClCompile>
    <ClCompile Include="..\libuv\test\test-eintr-handling.c">
      <Filter>Source Files</Filter>
    </ClCompile>
    <ClCompile Include="..\libuv\test\test-embed.c">
      <Filter>Source Files</Filter>
    </ClCompile>
    <ClCompile Include="..\libuv\test\test-emfile.c">
      <Filter>Source Files</Filter>
    </ClCompile>
    <ClCompile Include="..\libuv\test\test-env-vars.c">
      <Filter>Source Files</Filter>
    </ClCompile>
    <ClCompile Include="..\libuv\test\test-error.c">
      <Filter>Source Files</Filter>
    </ClCompile>
    <ClCompile Include="..\libuv\test\test-fail-always.c">
      <Filter>Source Files</Filter>
    </ClCompile>
    <ClCompile Include="..\libuv\test\test-fork.c">
      <Filter>Source Files</Filter>
    </ClCompile>
    <ClCompile Include="..\libuv\test\test-fs-copyfile.c">
      <Filter>Source Files</Filter>
    </ClCompile>
    <ClCompile Include="..\libuv\test\test-fs-event.c">
      <Filter>Source Files</Filter>
    </ClCompile>
    <ClCompile Include="..\libuv\test\test-fs-poll.c">
      <Filter>Source Files</Filter>
    </ClCompile>
    <ClCompile Include="..\libuv\test\test-fs.c">
      <Filter>Source Files</Filter>
    </ClCompile>
    <ClCompile Include="..\libuv\test\test-fs-readdir.c">
      <Filter>Source Files</Filter>
    </ClCompile>
    <ClCompile Include="..\libuv\test\test-fs-fd-hash.c">
      <Filter>Source Files</Filter>
    </ClCompile>
    <ClCompile Include="..\libuv\test\test-fs-open-flags.c">
      <Filter>Source Files</Filter>
    </ClCompile>
    <ClCompile Include="..\libuv\test\test-get-currentexe.c">
      <Filter>Source Files</Filter>
    </ClCompile>
    <ClCompile Include="..\libuv\test\test-get-loadavg.c">
      <Filter>Source Files</Filter>
    </ClCompile>
    <ClCompile Include="..\libuv\test\test-get-memory.c">
      <Filter>Source Files</Filter>
    </ClCompile>
    <ClCompile Include="..\libuv\test\test-get-passwd.c">
      <Filter>Source Files</Filter>
    </ClCompile>
    <ClCompile Include="..\libuv\test\test-getaddrinfo.c">
      <Filter>Source Files</Filter>
    </ClCompile>
    <ClCompile Include="..\libuv\test\test-gethostname.c">
      <Filter>Source Files</Filter>
    </ClCompile>
    <ClCompile Include="..\libuv\test\test-getnameinfo.c">
      <Filter>Source Files</Filter>
    </ClCompile>
    <ClCompile Include="..\libuv\test\test-getsockname.c">
      <Filter>Source Files</Filter>
    </ClCompile>
    <ClCompile Include="..\libuv\test\test-getters-setters.c">
      <Filter>Source Files</Filter>
    </ClCompile>
    <ClCompile Include="..\libuv\test\test-gettimeofday.c">
      <Filter>Source Files</Filter>
    </ClCompile>
    <ClCompile Include="..\libuv\test\test-handle-fileno.c">
      <Filter>Source Files</Filter>
    </ClCompile>
    <ClCompile Include="..\libuv\test\test-homedir.c">
      <Filter>Source Files</Filter>
    </ClCompile>
    <ClCompile Include="..\libuv\test\test-hrtime.c">
      <Filter>Source Files</Filter>
    </ClCompile>
    <ClCompile Include="..\libuv\test\test-idle.c">
      <Filter>Source Files</Filter>
    </ClCompile>
    <ClCompile Include="..\libuv\test\test-idna.c">
      <Filter>Source Files</Filter>
    </ClCompile>
    <ClCompile Include="..\libuv\test\test-ip4-addr.c">
      <Filter>Source Files</Filter>
    </ClCompile>
    <ClCompile Include="..\libuv\test\test-ip6-addr.c">
      <Filter>Source Files</Filter>
    </ClCompile>
    <ClCompile Include="..\libuv\test\test-ipc-heavy-traffic-deadlock-bug.c">
      <Filter>Source Files</Filter>
    </ClCompile>
    <ClCompile Include="..\libuv\test\test-ipc-send-recv.c">
      <Filter>Source Files</Filter>
    </ClCompile>
    <ClCompile Include="..\libuv\test\test-ipc.c">
      <Filter>Source Files</Filter>
    </ClCompile>
    <ClCompile Include="..\libuv\test\test-loop-alive.c">
      <Filter>Source Files</Filter>
    </ClCompile>
    <ClCompile Include="..\libuv\test\test-loop-close.c">
      <Filter>Source Files</Filter>
    </ClCompile>
    <ClCompile Include="..\libuv\test\test-loop-configure.c">
      <Filter>Source Files</Filter>
    </ClCompile>
    <ClCompile Include="..\libuv\test\test-loop-handles.c">
      <Filter>Source Files</Filter>
    </ClCompile>
    <ClCompile Include="..\libuv\test\test-loop-stop.c">
      <Filter>Source Files</Filter>
    </ClCompile>
    <ClCompile Include="..\libuv\test\test-loop-time.c">
      <Filter>Source Files</Filter>
    </ClCompile>
    <ClCompile Include="..\libuv\test\test-multiple-listen.c">
      <Filter>Source Files</Filter>
    </ClCompile>
    <ClCompile Include="..\libuv\test\test-mutexes.c">
      <Filter>Source Files</Filter>
    </ClCompile>
    <ClCompile Include="..\libuv\test\test-osx-select.c">
      <Filter>Source Files</Filter>
    </ClCompile>
    <ClCompile Include="..\libuv\test\test-pass-always.c">
      <Filter>Source Files</Filter>
    </ClCompile>
    <ClCompile Include="..\libuv\test\test-ping-pong.c">
      <Filter>Source Files</Filter>
    </ClCompile>
    <ClCompile Include="..\libuv\test\test-pipe-bind-error.c">
      <Filter>Source Files</Filter>
    </ClCompile>
    <ClCompile Include="..\libuv\test\test-pipe-close-stdout-read-stdin.c">
      <Filter>Source Files</Filter>
    </ClCompile>
    <ClCompile Include="..\libuv\test\test-pipe-connect-error.c">
      <Filter>Source Files</Filter>
    </ClCompile>
    <ClCompile Include="..\libuv\test\test-pipe-connect-multiple.c">
      <Filter>Source Files</Filter>
    </ClCompile>
    <ClCompile Include="..\libuv\test\test-pipe-connect-prepare.c">
      <Filter>Source Files</Filter>
    </ClCompile>
    <ClCompile Include="..\libuv\test\test-pipe-getsockname.c">
      <Filter>Source Files</Filter>
    </ClCompile>
    <ClCompile Include="..\libuv\test\test-pipe-pending-instances.c">
      <Filter>Source Files</Filter>
    </ClCompile>
    <ClCompile Include="..\libuv\test\test-pipe-sendmsg.c">
      <Filter>Source Files</Filter>
    </ClCompile>
    <ClCompile Include="..\libuv\test\test-pipe-server-close.c">
      <Filter>Source Files</Filter>
    </ClCompile>
    <ClCompile Include="..\libuv\test\test-pipe-set-fchmod.c">
      <Filter>Source Files</Filter>
    </ClCompile>
    <ClCompile Include="..\libuv\test\test-pipe-set-non-blocking.c">
      <Filter>Source Files</Filter>
    </ClCompile>
    <ClCompile Include="..\libuv\test\test-platform-output.c">
      <Filter>Source Files</Filter>
    </ClCompile>
    <ClCompile Include="..\libuv\test\test-poll-close-doesnt-corrupt-stack.c">
      <Filter>Source Files</Filter>
    </ClCompile>
    <ClCompile Include="..\libuv\test\test-poll-close.c">
      <Filter>Source Files</Filter>
    </ClCompile>
    <ClCompile Include="..\libuv\test\test-poll-closesocket.c">
      <Filter>Source Files</Filter>
    </ClCompile>
    <ClCompile Include="..\libuv\test\test-poll-oob.c">
      <Filter>Source Files</Filter>
    </ClCompile>
    <ClCompile Include="..\libuv\test\test-poll.c">
      <Filter>Source Files</Filter>
    </ClCompile>
    <ClCompile Include="..\libuv\test\test-process-priority.c">
      <Filter>Source Files</Filter>
    </ClCompile>
    <ClCompile Include="..\libuv\test\test-process-title-threadsafe.c">
      <Filter>Source Files</Filter>
    </ClCompile>
    <ClCompile Include="..\libuv\test\test-process-title.c">
      <Filter>Source Files</Filter>
    </ClCompile>
    <ClCompile Include="..\libuv\test\test-queue-foreach-delete.c">
      <Filter>Source Files</Filter>
    </ClCompile>
    <ClCompile Include="..\libuv\test\test-random.c">
      <Filter>Source Files</Filter>
    </ClCompile>
    <ClCompile Include="..\libuv\test\test-ref.c">
      <Filter>Source Files</Filter>
    </ClCompile>
    <ClCompile Include="..\libuv\test\test-run-nowait.c">
      <Filter>Source Files</Filter>
    </ClCompile>
    <ClCompile Include="..\libuv\test\test-run-once.c">
      <Filter>Source Files</Filter>
    </ClCompile>
    <ClCompile Include="..\libuv\test\test-semaphore.c">
      <Filter>Source Files</Filter>
    </ClCompile>
    <ClCompile Include="..\libuv\test\test-shutdown-close.c">
      <Filter>Source Files</Filter>
    </ClCompile>
    <ClCompile Include="..\libuv\test\test-shutdown-eof.c">
      <Filter>Source Files</Filter>
    </ClCompile>
    <ClCompile Include="..\libuv\test\test-shutdown-twice.c">
      <Filter>Source Files</Filter>
    </ClCompile>
    <ClCompile Include="..\libuv\test\test-signal-multiple-loops.c">
      <Filter>Source Files</Filter>
    </ClCompile>
    <ClCompile Include="..\libuv\test\test-signal-pending-on-close.c">
      <Filter>Source Files</Filter>
    </ClCompile>
    <ClCompile Include="..\libuv\test\test-signal.c">
      <Filter>Source Files</Filter>
    </ClCompile>
    <ClCompile Include="..\libuv\test\test-socket-buffer-size.c">
      <Filter>Source Files</Filter>
    </ClCompile>
    <ClCompile Include="..\libuv\test\test-spawn.c">
      <Filter>Source Files</Filter>
    </ClCompile>
    <ClCompile Include="..\libuv\test\test-stdio-over-pipes.c">
      <Filter>Source Files</Filter>
    </ClCompile>
    <ClCompile Include="..\libuv\test\test-strscpy.c">
      <Filter>Source Files</Filter>
    </ClCompile>
    <ClCompile Include="..\libuv\test\test-tcp-alloc-cb-fail.c">
      <Filter>Source Files</Filter>
    </ClCompile>
    <ClCompile Include="..\libuv\test\test-tcp-bind-error.c">
      <Filter>Source Files</Filter>
    </ClCompile>
    <ClCompile Include="..\libuv\test\test-tcp-bind6-error.c">
      <Filter>Source Files</Filter>
    </ClCompile>
    <ClCompile Include="..\libuv\test\test-tcp-close-accept.c">
      <Filter>Source Files</Filter>
    </ClCompile>
    <ClCompile Include="..\libuv\test\test-tcp-close-while-connecting.c">
      <Filter>Source Files</Filter>
    </ClCompile>
    <ClCompile Include="..\libuv\test\test-tcp-close.c">
      <Filter>Source Files</Filter>
    </ClCompile>
    <ClCompile Include="..\libuv\test\test-tcp-close-reset.c">
      <Filter>Source Files</Filter>
    </ClCompile>
    <ClCompile Include="..\libuv\test\test-tcp-connect-error-after-write.c">
      <Filter>Source Files</Filter>
    </ClCompile>
    <ClCompile Include="..\libuv\test\test-tcp-connect-error.c">
      <Filter>Source Files</Filter>
    </ClCompile>
    <ClCompile Include="..\libuv\test\test-tcp-connect-timeout.c">
      <Filter>Source Files</Filter>
    </ClCompile>
    <ClCompile Include="..\libuv\test\test-tcp-connect6-error.c">
      <Filter>Source Files</Filter>
    </ClCompile>
    <ClCompile Include="..\libuv\test\test-tcp-create-socket-early.c">
      <Filter>Source Files</Filter>
    </ClCompile>
    <ClCompile Include="..\libuv\test\test-tcp-flags.c">
      <Filter>Source Files</Filter>
    </ClCompile>
    <ClCompile Include="..\libuv\test\test-tcp-oob.c">
      <Filter>Source Files</Filter>
    </ClCompile>
    <ClCompile Include="..\libuv\test\test-tcp-open.c">
      <Filter>Source Files</Filter>
    </ClCompile>
    <ClCompile Include="..\libuv\test\test-tcp-read-stop.c">
      <Filter>Source Files</Filter>
    </ClCompile>
    <ClCompile Include="..\libuv\test\test-tcp-shutdown-after-write.c">
      <Filter>Source Files</Filter>
    </ClCompile>
    <ClCompile Include="..\libuv\test\test-tcp-try-write.c">
      <Filter>Source Files</Filter>
    </ClCompile>
    <ClCompile Include="..\libuv\test\test-tcp-try-write-error.c">
      <Filter>Source Files</Filter>
    </ClCompile>
    <ClCompile Include="..\libuv\test\test-tcp-unexpected-read.c">
      <Filter>Source Files</Filter>
    </ClCompile>
    <ClCompile Include="..\libuv\test\test-tcp-write-after-connect.c">
      <Filter>Source Files</Filter>
    </ClCompile>
    <ClCompile Include="..\libuv\test\test-tcp-write-fail.c">
      <Filter>Source Files</Filter>
    </ClCompile>
    <ClCompile Include="..\libuv\test\test-tcp-write-queue-order.c">
      <Filter>Source Files</Filter>
    </ClCompile>
    <ClCompile Include="..\libuv\test\test-tcp-write-to-half-open-connection.c">
      <Filter>Source Files</Filter>
    </ClCompile>
    <ClCompile Include="..\libuv\test\test-tcp-writealot.c">
      <Filter>Source Files</Filter>
    </ClCompile>
    <ClCompile Include="..\libuv\test\test-thread-equal.c">
      <Filter>Source Files</Filter>
    </ClCompile>
    <ClCompile Include="..\libuv\test\test-thread.c">
      <Filter>Source Files</Filter>
    </ClCompile>
    <ClCompile Include="..\libuv\test\test-threadpool-cancel.c">
      <Filter>Source Files</Filter>
    </ClCompile>
    <ClCompile Include="..\libuv\test\test-threadpool.c">
      <Filter>Source Files</Filter>
    </ClCompile>
    <ClCompile Include="..\libuv\test\test-timer-again.c">
      <Filter>Source Files</Filter>
    </ClCompile>
    <ClCompile Include="..\libuv\test\test-timer-from-check.c">
      <Filter>Source Files</Filter>
    </ClCompile>
    <ClCompile Include="..\libuv\test\test-timer.c">
      <Filter>Source Files</Filter>
    </ClCompile>
    <ClCompile Include="..\libuv\test\test-tmpdir.c">
      <Filter>Source Files</Filter>
    </ClCompile>
    <ClCompile Include="..\libuv\test\test-tty-duplicate-key.c">
      <Filter>Source Files</Filter>
    </ClCompile>
    <ClCompile Include="..\libuv\test\test-tty.c">
      <Filter>Source Files</Filter>
    </ClCompile>
    <ClCompile Include="..\libuv\test\test-udp-alloc-cb-fail.c">
      <Filter>Source Files</Filter>
    </ClCompile>
    <ClCompile Include="..\libuv\test\test-udp-bind.c">
      <Filter>Source Files</Filter>
    </ClCompile>
    <ClCompile Include="..\libuv\test\test-udp-connect.c">
      <Filter>Source Files</Filter>
    </ClCompile>
    <ClCompile Include="..\libuv\test\test-udp-create-socket-early.c">
      <Filter>Source Files</Filter>
    </ClCompile>
    <ClCompile Include="..\libuv\test\test-udp-dgram-too-big.c">
      <Filter>Source Files</Filter>
    </ClCompile>
    <ClCompile Include="..\libuv\test\test-udp-ipv6.c">
      <Filter>Source Files</Filter>
    </ClCompile>
    <ClCompile Include="..\libuv\test\test-udp-multicast-interface.c">
      <Filter>Source Files</Filter>
    </ClCompile>
    <ClCompile Include="..\libuv\test\test-udp-multicast-interface6.c">
      <Filter>Source Files</Filter>
    </ClCompile>
    <ClCompile Include="..\libuv\test\test-udp-multicast-join.c">
      <Filter>Source Files</Filter>
    </ClCompile>
    <ClCompile Include="..\libuv\test\test-udp-multicast-join6.c">
      <Filter>Source Files</Filter>
    </ClCompile>
    <ClCompile Include="..\libuv\test\test-udp-multicast-ttl.c">
      <Filter>Source Files</Filter>
    </ClCompile>
    <ClCompile Include="..\libuv\test\test-udp-open.c">
      <Filter>Source Files</Filter>
    </ClCompile>
    <ClCompile Include="..\libuv\test\test-udp-options.c">
      <Filter>Source Files</Filter>
    </ClCompile>
    <ClCompile Include="..\libuv\test\test-udp-send-and-recv.c">
      <Filter>Source Files</Filter>
    </ClCompile>
    <ClCompile Include="..\libuv\test\test-udp-send-hang-loop.c">
      <Filter>Source Files</Filter>
    </ClCompile>
    <ClCompile Include="..\libuv\test\test-udp-send-immediate.c">
      <Filter>Source Files</Filter>
    </ClCompile>
    <ClCompile Include="..\libuv\test\test-udp-send-unreachable.c">
      <Filter>Source Files</Filter>
    </ClCompile>
    <ClCompile Include="..\libuv\test\test-udp-try-send.c">
      <Filter>Source Files</Filter>
    </ClCompile>
    <ClCompile Include="..\libuv\test\test-uname.c">
      <Filter>Source Files</Filter>
    </ClCompile>
    <ClCompile Include="..\libuv\test\test-walk-handles.c">
      <Filter>Source Files</Filter>
    </ClCompile>
    <ClCompile Include="..\libuv\test\test-watcher-cross-stop.c">
      <Filter>Source Files</Filter>
    </ClCompile>
    <ClCompile Include="..\libuv\src\win\snprintf.c">
      <Filter>Source Files</Filter>
    </ClCompile>
    <ClCompile Include="..\libuv\test\runner-win.c">
      <Filter>Source Files</Filter>
    </ClCompile>
  </ItemGroup>
  <ItemGroup>
    <Filter Include="Source Files">
      <UniqueIdentifier>{C03DCE2A-E08C-30E0-B759-0F0C118F1FFC}</UniqueIdentifier>
    </Filter>
  </ItemGroup>
</Project>